Microsoft Visual Studio Solution File, Format Version 12.00
# Visual Studio Version 16
VisualStudioVersion = 16.0.0.0
MinimumVisualStudioVersion = 16.0.0.0
Project("{9A19103F-16F7-4668-BE54-9A1E7A4F7556}") = "DWaz", "DWaz\DWaz.csproj", "{FC3EAB84-5D89-4C01-A8FC-A05D001D3B20}"
EndProject
Project("{9A19103F-16F7-4668-BE54-9A1E7A4F7556}") = "DWaz.Client", "DWaz.Client\DWaz.Client.csproj", "{C8B98727-3D81-493A-8FDE-2E84B584FDE4}"
EndProject
Global
	GlobalSection(SolutionConfigurationPlatforms) = preSolution
		Debug|Any CPU = Debug|Any CPU
		Debug|x64 = Debug|x64
		Debug|x86 = Debug|x86
		Release|Any CPU = Release|Any CPU
		Release|x64 = Release|x64
		Release|x86 = Release|x86
	EndGlobalSection
	GlobalSection(ProjectConfigurationPlatforms) = postSolution
		{C8B98727-3D81-493A-8FDE-2E84B584FDE4}.Debug|Any CPU.ActiveCfg = Debug|Any CPU
		{C8B98727-3D81-493A-8FDE-2E84B584FDE4}.Debug|Any CPU.Build.0 = Debug|Any CPU
		{C8B98727-3D81-493A-8FDE-2E84B584FDE4}.Debug|x64.ActiveCfg = Debug|Any CPU
		{C8B98727-3D81-493A-8FDE-2E84B584FDE4}.Debug|x64.Build.0 = Debug|Any CPU
		{C8B98727-3D81-493A-8FDE-2E84B584FDE4}.Debug|x86.ActiveCfg = Debug|Any CPU
		{C8B98727-3D81-493A-8FDE-2E84B584FDE4}.Debug|x86.Build.0 = Debug|Any CPU
		{C8B98727-3D81-493A-8FDE-2E84B584FDE4}.Release|Any CPU.ActiveCfg = Release|Any CPU
		{C8B98727-3D81-493A-8FDE-2E84B584FDE4}.Release|Any CPU.Build.0 = Release|Any CPU
		{C8B98727-3D81-493A-8FDE-2E84B584FDE4}.Release|x64.ActiveCfg = Release|Any CPU
		{C8B98727-3D81-493A-8FDE-2E84B584FDE4}.Release|x64.Build.0 = Release|Any CPU
		{C8B98727-3D81-493A-8FDE-2E84B584FDE4}.Release|x86.ActiveCfg = Release|Any CPU
		{C8B98727-3D81-493A-8FDE-2E84B584FDE4}.Release|x86.Build.0 = Release|Any CPU
		{FC3EAB84-5D89-4C01-A8FC-A05D001D3B20}.Debug|Any CPU.ActiveCfg = Debug|Any CPU
		{FC3EAB84-5D89-4C01-A8FC-A05D001D3B20}.Debug|Any CPU.Build.0 = Debug|Any CPU
		{FC3EAB84-5D89-4C01-A8FC-A05D001D3B20}.Debug|x64.ActiveCfg = Debug|Any CPU
		{FC3EAB84-5D89-4C01-A8FC-A05D001D3B20}.Debug|x64.Build.0 = Debug|Any CPU
		{FC3EAB84-5D89-4C01-A8FC-A05D001D3B20}.Debug|x86.ActiveCfg = Debug|Any CPU
		{FC3EAB84-5D89-4C01-A8FC-A05D001D3B20}.Debug|x86.Build.0 = Debug|Any CPU
		{FC3EAB84-5D89-4C01-A8FC-A05D001D3B20}.Release|Any CPU.ActiveCfg = Release|Any CPU
		{FC3EAB84-5D89-4C01-A8FC-A05D001D3B20}.Release|Any CPU.Build.0 = Release|Any CPU
		{FC3EAB84-5D89-4C01-A8FC-A05D001D3B20}.Release|x64.ActiveCfg = Release|Any CPU
		{FC3EAB84-5D89-4C01-A8FC-A05D001D3B20}.Release|x64.Build.0 = Release|Any CPU
		{FC3EAB84-5D89-4C01-A8FC-A05D001D3B20}.Release|x86.ActiveCfg = Release|Any CPU
		{FC3EAB84-5D89-4C01-A8FC-A05D001D3B20}.Release|x86.Build.0 = Release|Any CPU
	EndGlobalSection
	GlobalSection(SolutionProperties) = preSolution
		HideSolutionNode = FALSE
	EndGlobalSection
	GlobalSection(ExtensibilityGlobals) = postSolution
		SolutionGuid = {A39CE200-5AA2-4797-930C-F3776D39A9DF}
	EndGlobalSection
EndGlobal
